
Microsoft Visual Studio Solution File, Format Version 12.00
# Visual Studio 14
VisualStudioVersion = 14.0.25420.1
MinimumVisualStudioVersion = 10.0.40219.1
Project("{FAE04EC0-301F-11D3-BF4B-00C04F79EFBC}") = "BookService", "BookService\BookService.csproj", "{7259FEDE-62CE-498F-BAB1-5DB6521A1D40}"
EndProject
Project("{FAE04EC0-301F-11D3-BF4B-00C04F79EFBC}") = "BookService.ConsoleUI", "BookService.ConsoleUI\BookService.ConsoleUI.csproj", "{318C7220-9BF6-4382-8FF2-B8F73A7BD975}"
EndProject
Global
	GlobalSection(SolutionConfigurationPlatforms) = preSolution
		Debug|Any CPU = Debug|Any CPU
		Release|Any CPU = Release|Any CPU
	EndGlobalSection
	GlobalSection(ProjectConfigurationPlatforms) = postSolution
		{7259FEDE-62CE-498F-BAB1-5DB6521A1D40}.Debug|Any CPU.ActiveCfg = Debug|Any CPU
		{7259FEDE-62CE-498F-BAB1-5DB6521A1D40}.Debug|Any CPU.Build.0 = Debug|Any CPU
		{7259FEDE-62CE-498F-BAB1-5DB6521A1D40}.Release|Any CPU.ActiveCfg = Release|Any CPU
		{7259FEDE-62CE-498F-BAB1-5DB6521A1D40}.Release|Any CPU.Build.0 = Release|Any CPU
		{318C7220-9BF6-4382-8FF2-B8F73A7BD975}.Debug|Any CPU.ActiveCfg = Debug|Any CPU
		{318C7220-9BF6-4382-8FF2-B8F73A7BD975}.Debug|Any CPU.Build.0 = Debug|Any CPU
		{318C7220-9BF6-4382-8FF2-B8F73A7BD975}.Release|Any CPU.ActiveCfg = Release|Any CPU
		{318C7220-9BF6-4382-8FF2-B8F73A7BD975}.Release|Any CPU.Build.0 = Release|Any CPU
	EndGlobalSection
	GlobalSection(SolutionProperties) = preSolution
		HideSolutionNode = FALSE
	EndGlobalSection
EndGlobal
